
Microsoft Visual Studio Solution File, Format Version 12.00
# Visual Studio Version 16
VisualStudioVersion = 16.0.30002.166
MinimumVisualStudioVersion = 10.0.40219.1
Project("{8BC9CEB8-8B4A-11D0-8D11-00A0C91BC942}") = "RSA Cipher", "RSA Cipher\RSA Cipher.vcxproj", "{109FD9B1-2965-4B4A-BCBB-8A5DD8A1C07E}"
EndProject
Project("{8BC9CEB8-8B4A-11D0-8D11-00A0C91BC942}") = "ElGamal_based_BlindSign", "ElGamal_based_BlindSign\ElGamal_based_BlindSign.vcxproj", "{67181747-A091-45F8-8016-8D9E39E98336}"
EndProject
Project("{8BC9CEB8-8B4A-11D0-8D11-00A0C91BC942}") = "Aggregate_sign", "Aggregate_sign\Aggregate_sign.vcxproj", "{26B9E5BE-F48F-48C7-8A53-DA5157DDA92E}"
EndProject
Project("{8BC9CEB8-8B4A-11D0-8D11-00A0C91BC942}") = "Cryptography", "Cryptography\Cryptography.vcxitems", "{D6D41B87-172A-44F7-8F44-F4DC0DFA2257}"
EndProject
Project("{8BC9CEB8-8B4A-11D0-8D11-00A0C91BC942}") = "RS_Code", "RS_Code\RS_Code.vcxproj", "{F418805C-4A1F-4D67-BC4F-DFC8FCA7DD0D}"
EndProject
Global
	GlobalSection(SharedMSBuildProjectFiles) = preSolution
		Cryptography\Cryptography.vcxitems*{26b9e5be-f48f-48c7-8a53-da5157dda92e}*SharedItemsImports = 4
		Cryptography\Cryptography.vcxitems*{d6d41b87-172a-44f7-8f44-f4dc0dfa2257}*SharedItemsImports = 9
		Cryptography\Cryptography.vcxitems*{f418805c-4a1f-4d67-bc4f-dfc8fca7dd0d}*SharedItemsImports = 4
	EndGlobalSection
	GlobalSection(SolutionConfigurationPlatforms) = preSolution
		Debug|x64 = Debug|x64
		Debug|x86 = Debug|x86
		Release|x64 = Release|x64
		Release|x86 = Release|x86
	EndGlobalSection
	GlobalSection(ProjectConfigurationPlatforms) = postSolution
		{109FD9B1-2965-4B4A-BCBB-8A5DD8A1C07E}.Debug|x64.ActiveCfg = Debug|x64
		{109FD9B1-2965-4B4A-BCBB-8A5DD8A1C07E}.Debug|x64.Build.0 = Debug|x64
		{109FD9B1-2965-4B4A-BCBB-8A5DD8A1C07E}.Debug|x86.ActiveCfg = Debug|Win32
		{109FD9B1-2965-4B4A-BCBB-8A5DD8A1C07E}.Debug|x86.Build.0 = Debug|Win32
		{109FD9B1-2965-4B4A-BCBB-8A5DD8A1C07E}.Release|x64.ActiveCfg = Release|x64
		{109FD9B1-2965-4B4A-BCBB-8A5DD8A1C07E}.Release|x64.Build.0 = Release|x64
		{109FD9B1-2965-4B4A-BCBB-8A5DD8A1C07E}.Release|x86.ActiveCfg = Release|Win32
		{109FD9B1-2965-4B4A-BCBB-8A5DD8A1C07E}.Release|x86.Build.0 = Release|Win32
		{67181747-A091-45F8-8016-8D9E39E98336}.Debug|x64.ActiveCfg = Debug|x64
		{67181747-A091-45F8-8016-8D9E39E98336}.Debug|x64.Build.0 = Debug|x64
		{67181747-A091-45F8-8016-8D9E39E98336}.Debug|x86.ActiveCfg = Debug|Win32
		{67181747-A091-45F8-8016-8D9E39E98336}.Debug|x86.Build.0 = Debug|Win32
		{67181747-A091-45F8-8016-8D9E39E98336}.Release|x64.ActiveCfg = Release|x64
		{67181747-A091-45F8-8016-8D9E39E98336}.Release|x64.Build.0 = Release|x64
		{67181747-A091-45F8-8016-8D9E39E98336}.Release|x86.ActiveCfg = Release|Win32
		{67181747-A091-45F8-8016-8D9E39E98336}.Release|x86.Build.0 = Release|Win32
		{26B9E5BE-F48F-48C7-8A53-DA5157DDA92E}.Debug|x64.ActiveCfg = Debug|x64
		{26B9E5BE-F48F-48C7-8A53-DA5157DDA92E}.Debug|x64.Build.0 = Debug|x64
		{26B9E5BE-F48F-48C7-8A53-DA5157DDA92E}.Debug|x86.ActiveCfg = Debug|Win32
		{26B9E5BE-F48F-48C7-8A53-DA5157DDA92E}.Debug|x86.Build.0 = Debug|Win32
		{26B9E5BE-F48F-48C7-8A53-DA5157DDA92E}.Release|x64.ActiveCfg = Release|x64
		{26B9E5BE-F48F-48C7-8A53-DA5157DDA92E}.Release|x64.Build.0 = Release|x64
		{26B9E5BE-F48F-48C7-8A53-DA5157DDA92E}.Release|x86.ActiveCfg = Release|Win32
		{26B9E5BE-F48F-48C7-8A53-DA5157DDA92E}.Release|x86.Build.0 = Release|Win32
		{F418805C-4A1F-4D67-BC4F-DFC8FCA7DD0D}.Debug|x64.ActiveCfg = Debug|x64
		{F418805C-4A1F-4D67-BC4F-DFC8FCA7DD0D}.Debug|x64.Build.0 = Debug|x64
		{F418805C-4A1F-4D67-BC4F-DFC8FCA7DD0D}.Debug|x86.ActiveCfg = Debug|Win32
		{F418805C-4A1F-4D67-BC4F-DFC8FCA7DD0D}.Debug|x86.Build.0 = Debug|Win32
		{F418805C-4A1F-4D67-BC4F-DFC8FCA7DD0D}.Release|x64.ActiveCfg = Release|x64
		{F418805C-4A1F-4D67-BC4F-DFC8FCA7DD0D}.Release|x64.Build.0 = Release|x64
		{F418805C-4A1F-4D67-BC4F-DFC8FCA7DD0D}.Release|x86.ActiveCfg = Release|Win32
		{F418805C-4A1F-4D67-BC4F-DFC8FCA7DD0D}.Release|x86.Build.0 = Release|Win32
	EndGlobalSection
	GlobalSection(SolutionProperties) = preSolution
		HideSolutionNode = FALSE
	EndGlobalSection
	GlobalSection(ExtensibilityGlobals) = postSolution
		SolutionGuid = {CBE4F2E8-9396-4A1D-ACD2-CEE8C8A3087C}
	EndGlobalSection
EndGlobal
